
Microsoft Visual Studio Solution File, Format Version 12.00
# Visual Studio Version 16
VisualStudioVersion = 16.0.29509.3
MinimumVisualStudioVersion = 10.0.40219.1
Project("{FAE04EC0-301F-11D3-BF4B-00C04F79EFBC}") = "Betcher", "Betcher\Betcher.csproj", "{7230DC5B-6AD3-478A-9FCC-1B8EAFBAA06B}"
EndProject
Global
	GlobalSection(SolutionConfigurationPlatforms) = preSolution
		Debug|Any CPU = Debug|Any CPU
		Release|Any CPU = Release|Any CPU
	EndGlobalSection
	GlobalSection(ProjectConfigurationPlatforms) = postSolution
		{7230DC5B-6AD3-478A-9FCC-1B8EAFBAA06B}.Debug|Any CPU.ActiveCfg = Debug|Any CPU
		{7230DC5B-6AD3-478A-9FCC-1B8EAFBAA06B}.Debug|Any CPU.Build.0 = Debug|Any CPU
		{7230DC5B-6AD3-478A-9FCC-1B8EAFBAA06B}.Release|Any CPU.ActiveCfg = Release|Any CPU
		{7230DC5B-6AD3-478A-9FCC-1B8EAFBAA06B}.Release|Any CPU.Build.0 = Release|Any CPU
	EndGlobalSection
	GlobalSection(SolutionProperties) = preSolution
		HideSolutionNode = FALSE
	EndGlobalSection
	GlobalSection(ExtensibilityGlobals) = postSolution
		SolutionGuid = {9B566C9D-B110-4313-A170-AD4D2ADA16FA}
	EndGlobalSection
EndGlobal
